// !$*UTF8*$!
{
	archiveVersion = 1;
	classes = {
	};
	objectVersion = 54;
	objects = {

/* Begin PBXBuildFile section */
		07D7A7B9630C446FBF539BF3 /* KeyboardViewController.swift in Sources */ = {isa = PBXBuildFile; fileRef = 0FAA318E14C24688B64D6030 /* KeyboardViewController.swift */; };
		0DA8C74BEC8E359F3FF8E935 /* KeyboardViewController.swift in Sources */ = {isa = PBXBuildFile; fileRef = 0FAA318E14C24688B64D6030 /* KeyboardViewController.swift */; };
		1307DE6E791AD439C6CDEC32 /* GeminiConverter.swift in Sources */ = {isa = PBXBuildFile; fileRef = C5594A1288B49A2347260DB4 /* GeminiConverter.swift */; };
		1EE8468E91E0C6DC64F94DAA /* BaseKeyboardViewController.swift in Sources */ = {isa = PBXBuildFile; fileRef = BBB74F8D9DCE399E721CA234 /* BaseKeyboardViewController.swift */; };
		2CFA605C7C44583B2CB42EB7 /* FlickKeyboardView.swift in Sources */ = {isa = PBXBuildFile; fileRef = E2D3C4B5A6F74809B1C2D3E4 /* FlickKeyboardView.swift */; };
		3259926AD30F4595AADD427B /* KeyboardExtension.appex in Embed App Extensions */ = {isa = PBXBuildFile; fileRef = 6C8B24F59036483E9B399E08 /* KeyboardExtension.appex */; settings = {ATTRIBUTES = (RemoveHeadersOnCopy, ); }; };
		38F0D9C9CF52C15F7CB55453 /* EnglishConverter.swift in Sources */ = {isa = PBXBuildFile; fileRef = 92974C1FBE92B748EEA839C0 /* EnglishConverter.swift */; };
		39484B6395CF909372299556 /* dictionary.json in Resources */ = {isa = PBXBuildFile; fileRef = 6B1949EE878530580F760DC6 /* dictionary.json */; };
		590049E99FC882749C9FBFBE /* KanjiConverter.swift in Sources */ = {isa = PBXBuildFile; fileRef = 64264595B193456E64B99E42 /* KanjiConverter.swift */; };
		6B2478EBF01D4B48B735D221 /* ViewController.swift in Sources */ = {isa = PBXBuildFile; fileRef = 9D78686BB7EE46D682C6CEA1 /* ViewController.swift */; };
		6D835E5D4FF343A9BFB3CB0E /* Assets.xcassets in Resources */ = {isa = PBXBuildFile; fileRef = 81695A31AA1E4F638EC94CD6 /* Assets.xcassets */; };
		75794178B8D65DEF322E0D7C /* StringTransformExtensions.swift in Sources */ = {isa = PBXBuildFile; fileRef = F4314D8190D000FF4B389B22 /* StringTransformExtensions.swift */; };
		90374FCE9EE48D64A68E45F4 /* ImageCropViewController.swift in Sources */ = {isa = PBXBuildFile; fileRef = 9132478BA667D1BB48B91221 /* ImageCropViewController.swift */; };
		96E248584F26268DCC8A5605 /* StringTransformExtensions.swift in Sources */ = {isa = PBXBuildFile; fileRef = F4314D8190D000FF4B389B22 /* StringTransformExtensions.swift */; };
		A0AF7896BB8E89324AC7603D /* RomajiConverter.swift in Sources */ = {isa = PBXBuildFile; fileRef = F1E2D3C4B5A647089A1B2C3D /* RomajiConverter.swift */; };
		A1B2C3D4E5F647A8B9C0D1E2 /* RomajiConverter.swift in Sources */ = {isa = PBXBuildFile; fileRef = F1E2D3C4B5A647089A1B2C3D /* RomajiConverter.swift */; };
		AC8828B81E0C48FEBC3F281F /* SceneDelegate.swift in Sources */ = {isa = PBXBuildFile; fileRef = 8F566660790C4999AF0DCE56 /* SceneDelegate.swift */; };
		B2C3D4E5F6A748B9C0D1E2F3 /* FlickKeyboardView.swift in Sources */ = {isa = PBXBuildFile; fileRef = E2D3C4B5A6F74809B1C2D3E4 /* FlickKeyboardView.swift */; };
		B6804FDFA7A646A7EB8DCF9B /* BaseKeyboardViewController.swift in Sources */ = {isa = PBXBuildFile; fileRef = D8634D2B83A4AF9BD8CA04BC /* BaseKeyboardViewController.swift */; };
		C3B13E63A1D5795FA12F27D9 /* KanjiConverter.swift in Sources */ = {isa = PBXBuildFile; fileRef = 64264595B193456E64B99E42 /* KanjiConverter.swift */; };
		CEC04C27969EE97F1CD08D1A /* GeminiConverter.swift in Sources */ = {isa = PBXBuildFile; fileRef = C5594A1288B49A2347260DB4 /* GeminiConverter.swift */; };
		D43DF93FFEC34597814DF736 /* AppDelegate.swift in Sources */ = {isa = PBXBuildFile; fileRef = 73D11DDBD48E420491C7B850 /* AppDelegate.swift */; };
		E24A4B5DB7030C9397722D45 /* EnglishConverter.swift in Sources */ = {isa = PBXBuildFile; fileRef = 92974C1FBE92B748EEA839C0 /* EnglishConverter.swift */; };
/* End PBXBuildFile section */

/* Begin PBXContainerItemProxy section */
		067844A871134DE8A66A5B35 /* PBXContainerItemProxy */ = {
			isa = PBXContainerItemProxy;
			containerPortal = F94A28AB76C14774BDFAE0AE /* Project object */;
			proxyType = 1;
			remoteGlobalIDString = BCD4F8E0EE7349C39B1F2A81;
			remoteInfo = KeyboardExtension;
		};
/* End PBXContainerItemProxy section */

/* Begin PBXCopyFilesBuildPhase section */
		35555F211BA24E78899F7D9F /* Embed App Extensions */ = {
			isa = PBXCopyFilesBuildPhase;
			buildActionMask = 2147483647;
			dstPath = "";
			dstSubfolderSpec = 13;
			files = (
				3259926AD30F4595AADD427B /* KeyboardExtension.appex in Embed App Extensions */,
			);
			name = "Embed App Extensions";
			runOnlyForDeploymentPostprocessing = 0;
		};
/* End PBXCopyFilesBuildPhase section */

/* Begin PBXFileReference section */
		0FAA318E14C24688B64D6030 /* KeyboardViewController.swift */ = {isa = PBXFileReference; lastKnownFileType = sourcecode.swift; path = KeyboardViewController.swift; sourceTree = "<group>"; };
		523D4EAE37C84348A7B9F4D9 /* Info.plist */ = {isa = PBXFileReference; lastKnownFileType = text.plist.xml; path = Info.plist; sourceTree = "<group>"; };
		64264595B193456E64B99E42 /* KanjiConverter.swift */ = {isa = PBXFileReference; lastKnownFileType = sourcecode.swift; name = KanjiConverter.swift; path = KeyboardExtension/KanjiConverter.swift; sourceTree = SOURCE_ROOT; };
		677A8463752E4AB391C2B838 /* SimpleKeys.app */ = {isa = PBXFileReference; explicitFileType = wrapper.application; includeInIndex = 0; path = SimpleKeys.app; sourceTree = BUILT_PRODUCTS_DIR; };
		6B1949EE878530580F760DC6 /* dictionary.json */ = {isa = PBXFileReference; lastKnownFileType = text.json; name = dictionary.json; path = KeyboardExtension/dictionary.json; sourceTree = SOURCE_ROOT; };
		6C8B24F59036483E9B399E08 /* KeyboardExtension.appex */ = {isa = PBXFileReference; explicitFileType = "wrapper.app-extension"; includeInIndex = 0; path = KeyboardExtension.appex; sourceTree = BUILT_PRODUCTS_DIR; };
		73D11DDBD48E420491C7B850 /* AppDelegate.swift */ = {isa = PBXFileReference; lastKnownFileType = sourcecode.swift; path = AppDelegate.swift; sourceTree = "<group>"; };
		81695A31AA1E4F638EC94CD6 /* Assets.xcassets */ = {isa = PBXFileReference; lastKnownFileType = folder.assetcatalog; path = Assets.xcassets; sourceTree = "<group>"; };
		8F566660790C4999AF0DCE56 /* SceneDelegate.swift */ = {isa = PBXFileReference; lastKnownFileType = sourcecode.swift; path = SceneDelegate.swift; sourceTree = "<group>"; };
		9132478BA667D1BB48B91221 /* ImageCropViewController.swift */ = {isa = PBXFileReference; lastKnownFileType = sourcecode.swift; name = ImageCropViewController.swift; path = SimpleKeys/ImageCropViewController.swift; sourceTree = SOURCE_ROOT; };
		92974C1FBE92B748EEA839C0 /* EnglishConverter.swift */ = {isa = PBXFileReference; lastKnownFileType = sourcecode.swift; name = EnglishConverter.swift; path = KeyboardExtension/EnglishConverter.swift; sourceTree = SOURCE_ROOT; };
		9D78686BB7EE46D682C6CEA1 /* ViewController.swift */ = {isa = PBXFileReference; lastKnownFileType = sourcecode.swift; path = ViewController.swift; sourceTree = "<group>"; };
		BBB74F8D9DCE399E721CA234 /* BaseKeyboardViewController.swift */ = {isa = PBXFileReference; lastKnownFileType = sourcecode.swift; name = BaseKeyboardViewController.swift; path = KeyboardExtension/BaseKeyboardViewController.swift; sourceTree = SOURCE_ROOT; };
		C5594A1288B49A2347260DB4 /* GeminiConverter.swift */ = {isa = PBXFileReference; lastKnownFileType = sourcecode.swift; name = GeminiConverter.swift; path = KeyboardExtension/GeminiConverter.swift; sourceTree = SOURCE_ROOT; };
		D8634D2B83A4AF9BD8CA04BC /* BaseKeyboardViewController.swift */ = {isa = PBXFileReference; lastKnownFileType = sourcecode.swift; name = BaseKeyboardViewController.swift; path = SimpleKeys/BaseKeyboardViewController.swift; sourceTree = SOURCE_ROOT; };
		E2D3C4B5A6F74809B1C2D3E4 /* FlickKeyboardView.swift */ = {isa = PBXFileReference; lastKnownFileType = sourcecode.swift; path = FlickKeyboardView.swift; sourceTree = "<group>"; };
		E88F5E118CC2494582BAE89E /* Info.plist */ = {isa = PBXFileReference; lastKnownFileType = text.plist.xml; path = Info.plist; sourceTree = "<group>"; };
		F1E2D3C4B5A647089A1B2C3D /* RomajiConverter.swift */ = {isa = PBXFileReference; lastKnownFileType = sourcecode.swift; path = RomajiConverter.swift; sourceTree = "<group>"; };
		F4314D8190D000FF4B389B22 /* StringTransformExtensions.swift */ = {isa = PBXFileReference; lastKnownFileType = sourcecode.swift; name = StringTransformExtensions.swift; path = KeyboardExtension/StringTransformExtensions.swift; sourceTree = SOURCE_ROOT; };
/* End PBXFileReference section */

/* Begin PBXFrameworksBuildPhase section */
		62D7C7E40035497FA9726F4E /* Frameworks */ = {
			isa = PBXFrameworksBuildPhase;
			buildActionMask = 2147483647;
			files = (
			);
			runOnlyForDeploymentPostprocessing = 0;
		};
		BD8BF21313F6421492EBB267 /* Frameworks */ = {
			isa = PBXFrameworksBuildPhase;
			buildActionMask = 2147483647;
			files = (
			);
			runOnlyForDeploymentPostprocessing = 0;
		};
/* End PBXFrameworksBuildPhase section */

/* Begin PBXGroup section */
		0B551C75CBA14741ABD9C09D /* SimpleKeys */ = {
			isa = PBXGroup;
			children = (
				73D11DDBD48E420491C7B850 /* AppDelegate.swift */,
				8F566660790C4999AF0DCE56 /* SceneDelegate.swift */,
				9D78686BB7EE46D682C6CEA1 /* ViewController.swift */,
				81695A31AA1E4F638EC94CD6 /* Assets.xcassets */,
				E88F5E118CC2494582BAE89E /* Info.plist */,
				D8634D2B83A4AF9BD8CA04BC /* BaseKeyboardViewController.swift */,
			);
			path = SimpleKeys;
			sourceTree = "<group>";
		};
		2B0984F6ACAB4BC795EB155F /* Frameworks */ = {
			isa = PBXGroup;
			children = (
			);
			name = Frameworks;
			sourceTree = "<group>";
		};
		745CD2E3E77C4D2990B769F6 = {
			isa = PBXGroup;
			children = (
				0B551C75CBA14741ABD9C09D /* SimpleKeys */,
				92B6173190AE4539ADBC878F /* KeyboardExtension */,
				7F4A9ED56F9245A0BA8DDA4A /* Products */,
				2B0984F6ACAB4BC795EB155F /* Frameworks */,
				9132478BA667D1BB48B91221 /* ImageCropViewController.swift */,
			);
			sourceTree = "<group>";
		};
		7F4A9ED56F9245A0BA8DDA4A /* Products */ = {
			isa = PBXGroup;
			children = (
				677A8463752E4AB391C2B838 /* SimpleKeys.app */,
				6C8B24F59036483E9B399E08 /* KeyboardExtension.appex */,
			);
			name = Products;
			sourceTree = "<group>";
		};
		92B6173190AE4539ADBC878F /* KeyboardExtension */ = {
			isa = PBXGroup;
			children = (
				0FAA318E14C24688B64D6030 /* KeyboardViewController.swift */,
				F1E2D3C4B5A647089A1B2C3D /* RomajiConverter.swift */,
				E2D3C4B5A6F74809B1C2D3E4 /* FlickKeyboardView.swift */,
				523D4EAE37C84348A7B9F4D9 /* Info.plist */,
				64264595B193456E64B99E42 /* KanjiConverter.swift */,
				6B1949EE878530580F760DC6 /* dictionary.json */,
				92974C1FBE92B748EEA839C0 /* EnglishConverter.swift */,
				F4314D8190D000FF4B389B22 /* StringTransformExtensions.swift */,
				C5594A1288B49A2347260DB4 /* GeminiConverter.swift */,
				BBB74F8D9DCE399E721CA234 /* BaseKeyboardViewController.swift */,
			);
			path = KeyboardExtension;
			sourceTree = "<group>";
		};
/* End PBXGroup section */

/* Begin PBXNativeTarget section */
		BCD4F8E0EE7349C39B1F2A81 /* KeyboardExtension */ = {
			isa = PBXNativeTarget;
			buildConfigurationList = 4831998376394766B62E001D /* Build configuration list for PBXNativeTarget "KeyboardExtension" */;
			buildPhases = (
				5FE4C042DAD94903A3F7D032 /* Sources */,
				62D7C7E40035497FA9726F4E /* Frameworks */,
				27E0891A7EF144429FDB27B2 /* Resources */,
			);
			buildRules = (
			);
			dependencies = (
			);
			name = KeyboardExtension;
			productName = KeyboardExtension;
			productReference = 6C8B24F59036483E9B399E08 /* KeyboardExtension.appex */;
			productType = "com.apple.product-type.app-extension";
		};
		D02457F829814A77A58F153E /* SimpleKeys */ = {
			isa = PBXNativeTarget;
			buildConfigurationList = F717BB4FEACD424F9DB69DEE /* Build configuration list for PBXNativeTarget "SimpleKeys" */;
			buildPhases = (
				0B3FD6965B4D47D18F97BF99 /* Sources */,
				BD8BF21313F6421492EBB267 /* Frameworks */,
				3029D9393EF44BF18DD2EC88 /* Resources */,
				35555F211BA24E78899F7D9F /* Embed App Extensions */,
			);
			buildRules = (
			);
			dependencies = (
				414F841C6F094B5DB230C901 /* PBXTargetDependency */,
			);
			name = SimpleKeys;
			productName = SimpleKeys;
			productReference = 677A8463752E4AB391C2B838 /* SimpleKeys.app */;
			productType = "com.apple.product-type.application";
		};
/* End PBXNativeTarget section */

/* Begin PBXProject section */
		F94A28AB76C14774BDFAE0AE /* Project object */ = {
			isa = PBXProject;
			attributes = {
				BuildIndependentTargetsInParallel = 1;
				LastUpgradeCheck = 1420;
				TargetAttributes = {
					BCD4F8E0EE7349C39B1F2A81 = {
						CreatedOnToolsVersion = 14.2;
					};
					D02457F829814A77A58F153E = {
						CreatedOnToolsVersion = 14.2;
					};
				};
			};
			buildConfigurationList = 60BBD83EFCF143D6A12931B8 /* Build configuration list for PBXProject "SimpleKeys" */;
			compatibilityVersion = "Xcode 13.0";
			developmentRegion = en;
			hasScannedForEncodings = 0;
			knownRegions = (
				en,
				Base,
			);
			mainGroup = 745CD2E3E77C4D2990B769F6;
			productRefGroup = 7F4A9ED56F9245A0BA8DDA4A /* Products */;
			projectDirPath = "";
			projectRoot = "";
			targets = (
				D02457F829814A77A58F153E /* SimpleKeys */,
				BCD4F8E0EE7349C39B1F2A81 /* KeyboardExtension */,
			);
		};
/* End PBXProject section */

/* Begin PBXResourcesBuildPhase section */
		27E0891A7EF144429FDB27B2 /* Resources */ = {
			isa = PBXResourcesBuildPhase;
			buildActionMask = 2147483647;
			files = (
				39484B6395CF909372299556 /* dictionary.json in Resources */,
			);
			runOnlyForDeploymentPostprocessing = 0;
		};
		3029D9393EF44BF18DD2EC88 /* Resources */ = {
			isa = PBXResourcesBuildPhase;
			buildActionMask = 2147483647;
			files = (
				6D835E5D4FF343A9BFB3CB0E /* Assets.xcassets in Resources */,
			);
			runOnlyForDeploymentPostprocessing = 0;
		};
/* End PBXResourcesBuildPhase section */

/* Begin PBXSourcesBuildPhase section */
		0B3FD6965B4D47D18F97BF99 /* Sources */ = {
			isa = PBXSourcesBuildPhase;
			buildActionMask = 2147483647;
			files = (
				D43DF93FFEC34597814DF736 /* AppDelegate.swift in Sources */,
				AC8828B81E0C48FEBC3F281F /* SceneDelegate.swift in Sources */,
				6B2478EBF01D4B48B735D221 /* ViewController.swift in Sources */,
				2CFA605C7C44583B2CB42EB7 /* FlickKeyboardView.swift in Sources */,
				0DA8C74BEC8E359F3FF8E935 /* KeyboardViewController.swift in Sources */,
				A0AF7896BB8E89324AC7603D /* RomajiConverter.swift in Sources */,
				C3B13E63A1D5795FA12F27D9 /* KanjiConverter.swift in Sources */,
				38F0D9C9CF52C15F7CB55453 /* EnglishConverter.swift in Sources */,
				96E248584F26268DCC8A5605 /* StringTransformExtensions.swift in Sources */,
				1307DE6E791AD439C6CDEC32 /* GeminiConverter.swift in Sources */,
				B6804FDFA7A646A7EB8DCF9B /* BaseKeyboardViewController.swift in Sources */,
				90374FCE9EE48D64A68E45F4 /* ImageCropViewController.swift in Sources */,
			);
			runOnlyForDeploymentPostprocessing = 0;
		};
		5FE4C042DAD94903A3F7D032 /* Sources */ = {
			isa = PBXSourcesBuildPhase;
			buildActionMask = 2147483647;
			files = (
				07D7A7B9630C446FBF539BF3 /* KeyboardViewController.swift in Sources */,
				A1B2C3D4E5F647A8B9C0D1E2 /* RomajiConverter.swift in Sources */,
				B2C3D4E5F6A748B9C0D1E2F3 /* FlickKeyboardView.swift in Sources */,
				590049E99FC882749C9FBFBE /* KanjiConverter.swift in Sources */,
				E24A4B5DB7030C9397722D45 /* EnglishConverter.swift in Sources */,
				75794178B8D65DEF322E0D7C /* StringTransformExtensions.swift in Sources */,
				CEC04C27969EE97F1CD08D1A /* GeminiConverter.swift in Sources */,
				1EE8468E91E0C6DC64F94DAA /* BaseKeyboardViewController.swift in Sources */,
			);
			runOnlyForDeploymentPostprocessing = 0;
		};
/* End PBXSourcesBuildPhase section */

/* Begin PBXTargetDependency section */
		414F841C6F094B5DB230C901 /* PBXTargetDependency */ = {
			isa = PBXTargetDependency;
			target = BCD4F8E0EE7349C39B1F2A81 /* KeyboardExtension */;
			targetProxy = 067844A871134DE8A66A5B35 /* PBXContainerItemProxy */;
		};
/* End PBXTargetDependency section */

/* Begin XCBuildConfiguration section */
		1969CAC6C47B40038B44DF70 /* Release */ = {
			isa = XCBuildConfiguration;
			buildSettings = {
				APPLICATION_EXTENSION_API_ONLY = YES;
				CODE_SIGN_ENTITLEMENTS = SimpleKeys/SimpleKeys.entitlements;
				CODE_SIGN_STYLE = Automatic;
				DEVELOPMENT_TEAM = "";
				GENERATE_INFOPLIST_FILE = NO;
				INFOPLIST_FILE = KeyboardExtension/Info.plist;
				LD_RUNPATH_SEARCH_PATHS = (
					"$(inherited)",
					"@executable_path/Frameworks",
					"@executable_path/../../Frameworks",
				);
				PRODUCT_BUNDLE_IDENTIFIER = com.simplekeys.app.keyboard;
				PRODUCT_NAME = "$(TARGET_NAME)";
				SKIP_INSTALL = YES;
				SWIFT_VERSION = 5.0;
				TARGETED_DEVICE_FAMILY = "1,2";
			};
			name = Release;
		};
		1EF53FE18EFB4D52925A536C /* Release */ = {
			isa = XCBuildConfiguration;
			buildSettings = {
				ASSETCATALOG_COMPILER_APPICON_NAME = AppIcon;
				ASSETCATALOG_COMPILER_GLOBAL_ACCENT_COLOR_NAME = AccentColor;
				CODE_SIGN_ENTITLEMENTS = SimpleKeys/SimpleKeys.entitlements;
				CODE_SIGN_STYLE = Automatic;
				DEVELOPMENT_TEAM = "";
				GENERATE_INFOPLIST_FILE = NO;
				INFOPLIST_FILE = SimpleKeys/Info.plist;
				LD_RUNPATH_SEARCH_PATHS = (
					"$(inherited)",
					"@executable_path/Frameworks",
				);
				OTHER_SWIFT_FLAGS = (
					"-DAPP",
				);
				PRODUCT_BUNDLE_IDENTIFIER = com.simplekeys.app;
				PRODUCT_NAME = "$(TARGET_NAME)";
				SWIFT_VERSION = 5.0;
				TARGETED_DEVICE_FAMILY = "1,2";
			};
			name = Release;
		};
		3A257CF805CC40B2A3B87AD4 /* Release */ = {
			isa = XCBuildConfiguration;
			buildSettings = {
				ALWAYS_SEARCH_USER_PATHS = NO;
				CLANG_ANALYZER_NONNULL = YES;
				CLANG_ANALYZER_NUMBER_OBJECT_CONVERSION = YES_AGGRESSIVE;
				CLANG_CXX_LANGUAGE_STANDARD = "gnu++20";
				CLANG_ENABLE_MODULES = YES;
				CLANG_ENABLE_OBJC_ARC = YES;
				CLANG_ENABLE_OBJC_WEAK = YES;
				COPY_PHASE_STRIP = NO;
				DEBUG_INFORMATION_FORMAT = "dwarf-with-dsym";
				ENABLE_NS_ASSERTIONS = NO;
				ENABLE_STRICT_OBJC_MSGSEND = YES;
				GCC_C_LANGUAGE_STANDARD = gnu11;
				GCC_NO_COMMON_BLOCKS = YES;
				GCC_WARN_64_TO_32_BIT_CONVERSION = YES;
				GCC_WARN_ABOUT_RETURN_TYPE = YES_ERROR;
				GCC_WARN_UNINITIALIZED_AUTOS = YES_AGGRESSIVE;
				GCC_WARN_UNUSED_FUNCTION = YES;
				GCC_WARN_UNUSED_VARIABLE = YES;
				IPHONEOS_DEPLOYMENT_TARGET = 15.0;
				MTL_ENABLE_DEBUG_INFO = NO;
				MTL_FAST_MATH = YES;
				SDKROOT = iphoneos;
				SWIFT_COMPILATION_MODE = wholemodule;
				SWIFT_OPTIMIZATION_LEVEL = "-O";
				VALIDATE_PRODUCT = YES;
			};
			name = Release;
		};
		4375F2373C2540B59A67C1E3 /* Debug */ = {
			isa = XCBuildConfiguration;
			buildSettings = {
				ALWAYS_SEARCH_USER_PATHS = NO;
				CLANG_ANALYZER_NONNULL = YES;
				CLANG_ANALYZER_NUMBER_OBJECT_CONVERSION = YES_AGGRESSIVE;
				CLANG_CXX_LANGUAGE_STANDARD = "gnu++20";
				CLANG_ENABLE_MODULES = YES;
				CLANG_ENABLE_OBJC_ARC = YES;
				CLANG_ENABLE_OBJC_WEAK = YES;
				COPY_PHASE_STRIP = NO;
				DEBUG_INFORMATION_FORMAT = dwarf;
				ENABLE_STRICT_OBJC_MSGSEND = YES;
				ENABLE_TESTABILITY = YES;
				GCC_C_LANGUAGE_STANDARD = gnu11;
				GCC_DYNAMIC_NO_PIC = NO;
				GCC_NO_COMMON_BLOCKS = YES;
				GCC_OPTIMIZATION_LEVEL = 0;
				GCC_PREPROCESSOR_DEFINITIONS = (
					"DEBUG=1",
					"$(inherited)",
				);
				GCC_WARN_64_TO_32_BIT_CONVERSION = YES;
				GCC_WARN_ABOUT_RETURN_TYPE = YES_ERROR;
				GCC_WARN_UNINITIALIZED_AUTOS = YES_AGGRESSIVE;
				GCC_WARN_UNUSED_FUNCTION = YES;
				GCC_WARN_UNUSED_VARIABLE = YES;
				IPHONEOS_DEPLOYMENT_TARGET = 15.0;
				MTL_ENABLE_DEBUG_INFO = INCLUDE_SOURCE;
				MTL_FAST_MATH = YES;
				ONLY_ACTIVE_ARCH = YES;
				SDKROOT = iphoneos;
				SWIFT_ACTIVE_COMPILATION_CONDITIONS = DEBUG;
				SWIFT_OPTIMIZATION_LEVEL = "-Onone";
			};
			name = Debug;
		};
		625B674009764B87A0A5CDBF /* Debug */ = {
			isa = XCBuildConfiguration;
			buildSettings = {
				ASSETCATALOG_COMPILER_APPICON_NAME = AppIcon;
				ASSETCATALOG_COMPILER_GLOBAL_ACCENT_COLOR_NAME = AccentColor;
				CODE_SIGN_ENTITLEMENTS = SimpleKeys/SimpleKeys.entitlements;
				CODE_SIGN_STYLE = Automatic;
				DEVELOPMENT_TEAM = "";
				GENERATE_INFOPLIST_FILE = NO;
				INFOPLIST_FILE = SimpleKeys/Info.plist;
				LD_RUNPATH_SEARCH_PATHS = (
					"$(inherited)",
					"@executable_path/Frameworks",
				);
				OTHER_SWIFT_FLAGS = (
					"-DAPP",
				);
				PRODUCT_BUNDLE_IDENTIFIER = com.simplekeys.app;
				PRODUCT_NAME = "$(TARGET_NAME)";
				SWIFT_VERSION = 5.0;
				TARGETED_DEVICE_FAMILY = "1,2";
			};
			name = Debug;
		};
		D9714A3C454C46019590F3C6 /* Debug */ = {
			isa = XCBuildConfiguration;
			buildSettings = {
				APPLICATION_EXTENSION_API_ONLY = YES;
				CODE_SIGN_ENTITLEMENTS = SimpleKeys/SimpleKeys.entitlements;
				CODE_SIGN_STYLE = Automatic;
				DEVELOPMENT_TEAM = "";
				GENERATE_INFOPLIST_FILE = NO;
				INFOPLIST_FILE = KeyboardExtension/Info.plist;
				LD_RUNPATH_SEARCH_PATHS = (
					"$(inherited)",
					"@executable_path/Frameworks",
					"@executable_path/../../Frameworks",
				);
				PRODUCT_BUNDLE_IDENTIFIER = com.simplekeys.app.keyboard;
				PRODUCT_NAME = "$(TARGET_NAME)";
				SKIP_INSTALL = YES;
				SWIFT_VERSION = 5.0;
				TARGETED_DEVICE_FAMILY = "1,2";
			};
			name = Debug;
		};
/* End XCBuildConfiguration section */

/* Begin XCConfigurationList section */
		4831998376394766B62E001D /* Build configuration list for PBXNativeTarget "KeyboardExtension" */ = {
			isa = XCConfigurationList;
			buildConfigurations = (
				D9714A3C454C46019590F3C6 /* Debug */,
				1969CAC6C47B40038B44DF70 /* Release */,
			);
			defaultConfigurationIsVisible = 0;
			defaultConfigurationName = Release;
		};
		60BBD83EFCF143D6A12931B8 /* Build configuration list for PBXProject "SimpleKeys" */ = {
			isa = XCConfigurationList;
			buildConfigurations = (
				4375F2373C2540B59A67C1E3 /* Debug */,
				3A257CF805CC40B2A3B87AD4 /* Release */,
			);
			defaultConfigurationIsVisible = 0;
			defaultConfigurationName = Release;
		};
		F717BB4FEACD424F9DB69DEE /* Build configuration list for PBXNativeTarget "SimpleKeys" */ = {
			isa = XCConfigurationList;
			buildConfigurations = (
				625B674009764B87A0A5CDBF /* Debug */,
				1EF53FE18EFB4D52925A536C /* Release */,
			);
			defaultConfigurationIsVisible = 0;
			defaultConfigurationName = Release;
		};
/* End XCConfigurationList section */
	};
	rootObject = F94A28AB76C14774BDFAE0AE /* Project object */;
}
